
Microsoft Visual Studio Solution File, Format Version 12.00
# Visual Studio Version 17
VisualStudioVersion = 17.3.32825.248
MinimumVisualStudioVersion = 10.0.40219.1
Project("{FAE04EC0-301F-11D3-BF4B-00C04F79EFBC}") = "epic test", "epic test\epic test.csproj", "{69271C08-3BA8-440D-9063-5E359B6D97C5}"
EndProject
Global
	GlobalSection(SolutionConfigurationPlatforms) = preSolution
		Debug|Any CPU = Debug|Any CPU
		Release|Any CPU = Release|Any CPU
	EndGlobalSection
	GlobalSection(ProjectConfigurationPlatforms) = postSolution
		{69271C08-3BA8-440D-9063-5E359B6D97C5}.Debug|Any CPU.ActiveCfg = Debug|Any CPU
		{69271C08-3BA8-440D-9063-5E359B6D97C5}.Debug|Any CPU.Build.0 = Debug|Any CPU
		{69271C08-3BA8-440D-9063-5E359B6D97C5}.Release|Any CPU.ActiveCfg = Release|Any CPU
		{69271C08-3BA8-440D-9063-5E359B6D97C5}.Release|Any CPU.Build.0 = Release|Any CPU
	EndGlobalSection
	GlobalSection(SolutionProperties) = preSolution
		HideSolutionNode = FALSE
	EndGlobalSection
	GlobalSection(ExtensibilityGlobals) = postSolution
		SolutionGuid = {C11C2309-C2FF-49B5-B58E-C70508BF56C0}
	EndGlobalSection
EndGlobal
